
Microsoft Visual Studio Solution File, Format Version 11.00
# Visual Studio 2010
Project("{8BC9CEB8-8B4A-11D0-8D11-00A0C91BC942}") = "MFC Simulation", "MFC Simulation\MFC Simulation.vcxproj", "{1B463EAE-F7D2-4BAE-BB59-3725EE090CAA}"
EndProject
Global
	GlobalSection(SolutionConfigurationPlatforms) = preSolution
		Debug|Win32 = Debug|Win32
		Release|Win32 = Release|Win32
	EndGlobalSection
	GlobalSection(ProjectConfigurationPlatforms) = postSolution
		{1B463EAE-F7D2-4BAE-BB59-3725EE090CAA}.Debug|Win32.ActiveCfg = Debug|Win32
		{1B463EAE-F7D2-4BAE-BB59-3725EE090CAA}.Debug|Win32.Build.0 = Debug|Win32
		{1B463EAE-F7D2-4BAE-BB59-3725EE090CAA}.Release|Win32.ActiveCfg = Release|Win32
		{1B463EAE-F7D2-4BAE-BB59-3725EE090CAA}.Release|Win32.Build.0 = Release|Win32
	EndGlobalSection
	GlobalSection(SolutionProperties) = preSolution
		HideSolutionNode = FALSE
	EndGlobalSection
EndGlobal
